
Microsoft Visual Studio Solution File, Format Version 12.00
Project("{FAE04EC0-301F-11D3-BF4B-00C04F79EFBC}") = "TraitsExpanded", "TraitsExpanded\TraitsExpanded.csproj", "{295405B2-C1F5-428C-A412-63657A78A009}"
EndProject
Global
	GlobalSection(SolutionConfigurationPlatforms) = preSolution
		Debug|Any CPU = Debug|Any CPU
		Release|Any CPU = Release|Any CPU
	EndGlobalSection
	GlobalSection(ProjectConfigurationPlatforms) = postSolution
		{295405B2-C1F5-428C-A412-63657A78A009}.Debug|Any CPU.ActiveCfg = Debug|Any CPU
		{295405B2-C1F5-428C-A412-63657A78A009}.Debug|Any CPU.Build.0 = Debug|Any CPU
		{295405B2-C1F5-428C-A412-63657A78A009}.Release|Any CPU.ActiveCfg = Release|Any CPU
		{295405B2-C1F5-428C-A412-63657A78A009}.Release|Any CPU.Build.0 = Release|Any CPU
	EndGlobalSection
EndGlobal
